
Microsoft Visual Studio Solution File, Format Version 12.00
# Visual Studio Version 17
VisualStudioVersion = 17.0.31815.197
MinimumVisualStudioVersion = 10.0.40219.1
Project("{FAE04EC0-301F-11D3-BF4B-00C04F79EFBC}") = "Zadacha1", "Zadacha1\Zadacha1.csproj", "{581609C6-E036-42EC-85F0-7DECEBFFE33A}"
EndProject
Project("{FAE04EC0-301F-11D3-BF4B-00C04F79EFBC}") = "Zadacha2", "Zadacha2\Zadacha2.csproj", "{E0F987CF-E468-41D0-B730-B9ED9F0C876E}"
EndProject
Global
	GlobalSection(SolutionConfigurationPlatforms) = preSolution
		Debug|Any CPU = Debug|Any CPU
		Release|Any CPU = Release|Any CPU
	EndGlobalSection
	GlobalSection(ProjectConfigurationPlatforms) = postSolution
		{581609C6-E036-42EC-85F0-7DECEBFFE33A}.Debug|Any CPU.ActiveCfg = Debug|Any CPU
		{581609C6-E036-42EC-85F0-7DECEBFFE33A}.Debug|Any CPU.Build.0 = Debug|Any CPU
		{581609C6-E036-42EC-85F0-7DECEBFFE33A}.Release|Any CPU.ActiveCfg = Release|Any CPU
		{581609C6-E036-42EC-85F0-7DECEBFFE33A}.Release|Any CPU.Build.0 = Release|Any CPU
		{E0F987CF-E468-41D0-B730-B9ED9F0C876E}.Debug|Any CPU.ActiveCfg = Debug|Any CPU
		{E0F987CF-E468-41D0-B730-B9ED9F0C876E}.Debug|Any CPU.Build.0 = Debug|Any CPU
		{E0F987CF-E468-41D0-B730-B9ED9F0C876E}.Release|Any CPU.ActiveCfg = Release|Any CPU
		{E0F987CF-E468-41D0-B730-B9ED9F0C876E}.Release|Any CPU.Build.0 = Release|Any CPU
	EndGlobalSection
	GlobalSection(SolutionProperties) = preSolution
		HideSolutionNode = FALSE
	EndGlobalSection
	GlobalSection(ExtensibilityGlobals) = postSolution
		SolutionGuid = {4E815122-7985-43B0-9C6F-216A06974D70}
	EndGlobalSection
EndGlobal
